
Microsoft Visual Studio Solution File, Format Version 12.00
# Visual Studio 15
VisualStudioVersion = 15.0.26730.15
MinimumVisualStudioVersion = 10.0.40219.1
Project("{FAE04EC0-301F-11D3-BF4B-00C04F79EFBC}") = "ShapeCalculator", "ShapeCalculator\ShapeCalculator.csproj", "{BA288A91-5FBD-4126-858C-BBB8B866C2CD}"
EndProject
Global
	GlobalSection(SolutionConfigurationPlatforms) = preSolution
		Debug|Any CPU = Debug|Any CPU
		Release|Any CPU = Release|Any CPU
	EndGlobalSection
	GlobalSection(ProjectConfigurationPlatforms) = postSolution
		{BA288A91-5FBD-4126-858C-BBB8B866C2CD}.Debug|Any CPU.ActiveCfg = Debug|Any CPU
		{BA288A91-5FBD-4126-858C-BBB8B866C2CD}.Debug|Any CPU.Build.0 = Debug|Any CPU
		{BA288A91-5FBD-4126-858C-BBB8B866C2CD}.Release|Any CPU.ActiveCfg = Release|Any CPU
		{BA288A91-5FBD-4126-858C-BBB8B866C2CD}.Release|Any CPU.Build.0 = Release|Any CPU
	EndGlobalSection
	GlobalSection(SolutionProperties) = preSolution
		HideSolutionNode = FALSE
	EndGlobalSection
	GlobalSection(ExtensibilityGlobals) = postSolution
		SolutionGuid = {75DF794B-B4BD-4406-8610-CA462A326AFD}
	EndGlobalSection
EndGlobal
